// !$*UTF8*$!
{
	archiveVersion = 1;
	classes = {
	};
	objectVersion = 55;
	objects = {

/* Begin PBXBuildFile section */
		BE71B77E27BA80D500AFBD38 /* PhotoeditorApp.swift in Sources */ = {isa = PBXBuildFile; fileRef = BE71B77D27BA80D500AFBD38 /* PhotoeditorApp.swift */; };
		BE71B78027BA80D500AFBD38 /* ContentView.swift in Sources */ = {isa = PBXBuildFile; fileRef = BE71B77F27BA80D500AFBD38 /* ContentView.swift */; };
		BE71B78227BA80D700AFBD38 /* Assets.xcassets in Resources */ = {isa = PBXBuildFile; fileRef = BE71B78127BA80D700AFBD38 /* Assets.xcassets */; };
		BE71B78527BA80D700AFBD38 /* Preview Assets.xcassets in Resources */ = {isa = PBXBuildFile; fileRef = BE71B78427BA80D700AFBD38 /* Preview Assets.xcassets */; };
		BE71B78F27BA811500AFBD38 /* Home.swift in Sources */ = {isa = PBXBuildFile; fileRef = BE71B78E27BA811500AFBD38 /* Home.swift */; };
		BE71B79127BA814400AFBD38 /* ImagePicker.swift in Sources */ = {isa = PBXBuildFile; fileRef = BE71B79027BA814400AFBD38 /* ImagePicker.swift */; };
		BE71B79327BA84DA00AFBD38 /* DrawingViewModel.swift in Sources */ = {isa = PBXBuildFile; fileRef = BE71B79227BA84DA00AFBD38 /* DrawingViewModel.swift */; };
		BE71B79527BA890500AFBD38 /* DrawingScreen.swift in Sources */ = {isa = PBXBuildFile; fileRef = BE71B79427BA890400AFBD38 /* DrawingScreen.swift */; };
		BE71B79727BA919E00AFBD38 /* TextBox.swift in Sources */ = {isa = PBXBuildFile; fileRef = BE71B79627BA919E00AFBD38 /* TextBox.swift */; };
/* End PBXBuildFile section */

/* Begin PBXFileReference section */
		BE71B77A27BA80D500AFBD38 /* Photoeditor.app */ = {isa = PBXFileReference; explicitFileType = wrapper.application; includeInIndex = 0; path = Photoeditor.app; sourceTree = BUILT_PRODUCTS_DIR; };
		BE71B77D27BA80D500AFBD38 /* PhotoeditorApp.swift */ = {isa = PBXFileReference; lastKnownFileType = sourcecode.swift; path = PhotoeditorApp.swift; sourceTree = "<group>"; };
		BE71B77F27BA80D500AFBD38 /* ContentView.swift */ = {isa = PBXFileReference; lastKnownFileType = sourcecode.swift; path = ContentView.swift; sourceTree = "<group>"; };
		BE71B78127BA80D700AFBD38 /* Assets.xcassets */ = {isa = PBXFileReference; lastKnownFileType = folder.assetcatalog; path = Assets.xcassets; sourceTree = "<group>"; };
		BE71B78427BA80D700AFBD38 /* Preview Assets.xcassets */ = {isa = PBXFileReference; lastKnownFileType = folder.assetcatalog; path = "Preview Assets.xcassets"; sourceTree = "<group>"; };
		BE71B78E27BA811500AFBD38 /* Home.swift */ = {isa = PBXFileReference; lastKnownFileType = sourcecode.swift; path = Home.swift; sourceTree = "<group>"; };
		BE71B79027BA814400AFBD38 /* ImagePicker.swift */ = {isa = PBXFileReference; lastKnownFileType = sourcecode.swift; path = ImagePicker.swift; sourceTree = "<group>"; };
		BE71B79227BA84DA00AFBD38 /* DrawingViewModel.swift */ = {isa = PBXFileReference; lastKnownFileType = sourcecode.swift; path = DrawingViewModel.swift; sourceTree = "<group>"; };
		BE71B79427BA890400AFBD38 /* DrawingScreen.swift */ = {isa = PBXFileReference; lastKnownFileType = sourcecode.swift; path = DrawingScreen.swift; sourceTree = "<group>"; };
		BE71B79627BA919E00AFBD38 /* TextBox.swift */ = {isa = PBXFileReference; lastKnownFileType = sourcecode.swift; path = TextBox.swift; sourceTree = "<group>"; };
/* End PBXFileReference section */

/* Begin PBXFrameworksBuildPhase section */
		BE71B77727BA80D500AFBD38 /* Frameworks */ = {
			isa = PBXFrameworksBuildPhase;
			buildActionMask = 2147483647;
			files = (
			);
			runOnlyForDeploymentPostprocessing = 0;
		};
/* End PBXFrameworksBuildPhase section */

/* Begin PBXGroup section */
		BE71B77127BA80D500AFBD38 = {
			isa = PBXGroup;
			children = (
				BE71B77C27BA80D500AFBD38 /* Photoeditor */,
				BE71B77B27BA80D500AFBD38 /* Products */,
			);
			sourceTree = "<group>";
		};
		BE71B77B27BA80D500AFBD38 /* Products */ = {
			isa = PBXGroup;
			children = (
				BE71B77A27BA80D500AFBD38 /* Photoeditor.app */,
			);
			name = Products;
			sourceTree = "<group>";
		};
		BE71B77C27BA80D500AFBD38 /* Photoeditor */ = {
			isa = PBXGroup;
			children = (
				BE71B78D27BA80FE00AFBD38 /* View */,
				BE71B78C27BA80F300AFBD38 /* ViewModel */,
				BE71B78B27BA80E500AFBD38 /* Model */,
				BE71B77D27BA80D500AFBD38 /* PhotoeditorApp.swift */,
				BE71B77F27BA80D500AFBD38 /* ContentView.swift */,
				BE71B78127BA80D700AFBD38 /* Assets.xcassets */,
				BE71B78327BA80D700AFBD38 /* Preview Content */,
			);
			path = Photoeditor;
			sourceTree = "<group>";
		};
		BE71B78327BA80D700AFBD38 /* Preview Content */ = {
			isa = PBXGroup;
			children = (
				BE71B78427BA80D700AFBD38 /* Preview Assets.xcassets */,
			);
			path = "Preview Content";
			sourceTree = "<group>";
		};
		BE71B78B27BA80E500AFBD38 /* Model */ = {
			isa = PBXGroup;
			children = (
				BE71B79627BA919E00AFBD38 /* TextBox.swift */,
			);
			path = Model;
			sourceTree = "<group>";
		};
		BE71B78C27BA80F300AFBD38 /* ViewModel */ = {
			isa = PBXGroup;
			children = (
				BE71B79227BA84DA00AFBD38 /* DrawingViewModel.swift */,
			);
			path = ViewModel;
			sourceTree = "<group>";
		};
		BE71B78D27BA80FE00AFBD38 /* View */ = {
			isa = PBXGroup;
			children = (
				BE71B78E27BA811500AFBD38 /* Home.swift */,
				BE71B79027BA814400AFBD38 /* ImagePicker.swift */,
				BE71B79427BA890400AFBD38 /* DrawingScreen.swift */,
			);
			path = View;
			sourceTree = "<group>";
		};
/* End PBXGroup section */

/* Begin PBXNativeTarget section */
		BE71B77927BA80D500AFBD38 /* Photoeditor */ = {
			isa = PBXNativeTarget;
			buildConfigurationList = BE71B78827BA80D700AFBD38 /* Build configuration list for PBXNativeTarget "Photoeditor" */;
			buildPhases = (
				BE71B77627BA80D500AFBD38 /* Sources */,
				BE71B77727BA80D500AFBD38 /* Frameworks */,
				BE71B77827BA80D500AFBD38 /* Resources */,
			);
			buildRules = (
			);
			dependencies = (
			);
			name = Photoeditor;
			productName = Photoeditor;
			productReference = BE71B77A27BA80D500AFBD38 /* Photoeditor.app */;
			productType = "com.apple.product-type.application";
		};
/* End PBXNativeTarget section */

/* Begin PBXProject section */
		BE71B77227BA80D500AFBD38 /* Project object */ = {
			isa = PBXProject;
			attributes = {
				BuildIndependentTargetsInParallel = 1;
				LastSwiftUpdateCheck = 1320;
				LastUpgradeCheck = 1320;
				TargetAttributes = {
					BE71B77927BA80D500AFBD38 = {
						CreatedOnToolsVersion = 13.2.1;
					};
				};
			};
			buildConfigurationList = BE71B77527BA80D500AFBD38 /* Build configuration list for PBXProject "Photoeditor" */;
			compatibilityVersion = "Xcode 13.0";
			developmentRegion = en;
			hasScannedForEncodings = 0;
			knownRegions = (
				en,
				Base,
			);
			mainGroup = BE71B77127BA80D500AFBD38;
			productRefGroup = BE71B77B27BA80D500AFBD38 /* Products */;
			projectDirPath = "";
			projectRoot = "";
			targets = (
				BE71B77927BA80D500AFBD38 /* Photoeditor */,
			);
		};
/* End PBXProject section */

/* Begin PBXResourcesBuildPhase section */
		BE71B77827BA80D500AFBD38 /* Resources */ = {
			isa = PBXResourcesBuildPhase;
			buildActionMask = 2147483647;
			files = (
				BE71B78527BA80D700AFBD38 /* Preview Assets.xcassets in Resources */,
				BE71B78227BA80D700AFBD38 /* Assets.xcassets in Resources */,
			);
			runOnlyForDeploymentPostprocessing = 0;
		};
/* End PBXResourcesBuildPhase section */

/* Begin PBXSourcesBuildPhase section */
		BE71B77627BA80D500AFBD38 /* Sources */ = {
			isa = PBXSourcesBuildPhase;
			buildActionMask = 2147483647;
			files = (
				BE71B78027BA80D500AFBD38 /* ContentView.swift in Sources */,
				BE71B79127BA814400AFBD38 /* ImagePicker.swift in Sources */,
				BE71B79527BA890500AFBD38 /* DrawingScreen.swift in Sources */,
				BE71B79327BA84DA00AFBD38 /* DrawingViewModel.swift in Sources */,
				BE71B78F27BA811500AFBD38 /* Home.swift in Sources */,
				BE71B79727BA919E00AFBD38 /* TextBox.swift in Sources */,
				BE71B77E27BA80D500AFBD38 /* PhotoeditorApp.swift in Sources */,
			);
			runOnlyForDeploymentPostprocessing = 0;
		};
/* End PBXSourcesBuildPhase section */

/* Begin XCBuildConfiguration section */
		BE71B78627BA80D700AFBD38 /* Debug */ = {
			isa = XCBuildConfiguration;
			buildSettings = {
				ALWAYS_SEARCH_USER_PATHS = NO;
				CLANG_ANALYZER_NONNULL = YES;
				CLANG_ANALYZER_NUMBER_OBJECT_CONVERSION = YES_AGGRESSIVE;
				CLANG_CXX_LANGUAGE_STANDARD = "gnu++17";
				CLANG_CXX_LIBRARY = "libc++";
				CLANG_ENABLE_MODULES = YES;
				CLANG_ENABLE_OBJC_ARC = YES;
				CLANG_ENABLE_OBJC_WEAK = YES;
				CLANG_WARN_BLOCK_CAPTURE_AUTORELEASING = YES;
				CLANG_WARN_BOOL_CONVERSION = YES;
				CLANG_WARN_COMMA = YES;
				CLANG_WARN_CONSTANT_CONVERSION = YES;
				CLANG_WARN_DEPRECATED_OBJC_IMPLEMENTATIONS = YES;
				CLANG_WARN_DIRECT_OBJC_ISA_USAGE = YES_ERROR;
				CLANG_WARN_DOCUMENTATION_COMMENTS = YES;
				CLANG_WARN_EMPTY_BODY = YES;
				CLANG_WARN_ENUM_CONVERSION = YES;
				CLANG_WARN_INFINITE_RECURSION = YES;
				CLANG_WARN_INT_CONVERSION = YES;
				CLANG_WARN_NON_LITERAL_NULL_CONVERSION = YES;
				CLANG_WARN_OBJC_IMPLICIT_RETAIN_SELF = YES;
				CLANG_WARN_OBJC_LITERAL_CONVERSION = YES;
				CLANG_WARN_OBJC_ROOT_CLASS = YES_ERROR;
				CLANG_WARN_QUOTED_INCLUDE_IN_FRAMEWORK_HEADER = YES;
				CLANG_WARN_RANGE_LOOP_ANALYSIS = YES;
				CLANG_WARN_STRICT_PROTOTYPES = YES;
				CLANG_WARN_SUSPICIOUS_MOVE = YES;
				CLANG_WARN_UNGUARDED_AVAILABILITY = YES_AGGRESSIVE;
				CLANG_WARN_UNREACHABLE_CODE = YES;
				CLANG_WARN__DUPLICATE_METHOD_MATCH = YES;
				COPY_PHASE_STRIP = NO;
				DEBUG_INFORMATION_FORMAT = dwarf;
				ENABLE_STRICT_OBJC_MSGSEND = YES;
				ENABLE_TESTABILITY = YES;
				GCC_C_LANGUAGE_STANDARD = gnu11;
				GCC_DYNAMIC_NO_PIC = NO;
				GCC_NO_COMMON_BLOCKS = YES;
				GCC_OPTIMIZATION_LEVEL = 0;
				GCC_PREPROCESSOR_DEFINITIONS = (
					"DEBUG=1",
					"$(inherited)",
				);
				GCC_WARN_64_TO_32_BIT_CONVERSION = YES;
				GCC_WARN_ABOUT_RETURN_TYPE = YES_ERROR;
				GCC_WARN_UNDECLARED_SELECTOR = YES;
				GCC_WARN_UNINITIALIZED_AUTOS = YES_AGGRESSIVE;
				GCC_WARN_UNUSED_FUNCTION = YES;
				GCC_WARN_UNUSED_VARIABLE = YES;
				IPHONEOS_DEPLOYMENT_TARGET = 15.2;
				MTL_ENABLE_DEBUG_INFO = INCLUDE_SOURCE;
				MTL_FAST_MATH = YES;
				ONLY_ACTIVE_ARCH = YES;
				SDKROOT = iphoneos;
				SWIFT_ACTIVE_COMPILATION_CONDITIONS = DEBUG;
				SWIFT_OPTIMIZATION_LEVEL = "-Onone";
			};
			name = Debug;
		};
		BE71B78727BA80D700AFBD38 /* Release */ = {
			isa = XCBuildConfiguration;
			buildSettings = {
				ALWAYS_SEARCH_USER_PATHS = NO;
				CLANG_ANALYZER_NONNULL = YES;
				CLANG_ANALYZER_NUMBER_OBJECT_CONVERSION = YES_AGGRESSIVE;
				CLANG_CXX_LANGUAGE_STANDARD = "gnu++17";
				CLANG_CXX_LIBRARY = "libc++";
				CLANG_ENABLE_MODULES = YES;
				CLANG_ENABLE_OBJC_ARC = YES;
				CLANG_ENABLE_OBJC_WEAK = YES;
				CLANG_WARN_BLOCK_CAPTURE_AUTORELEASING = YES;
				CLANG_WARN_BOOL_CONVERSION = YES;
				CLANG_WARN_COMMA = YES;
				CLANG_WARN_CONSTANT_CONVERSION = YES;
				CLANG_WARN_DEPRECATED_OBJC_IMPLEMENTATIONS = YES;
				CLANG_WARN_DIRECT_OBJC_ISA_USAGE = YES_ERROR;
				CLANG_WARN_DOCUMENTATION_COMMENTS = YES;
				CLANG_WARN_EMPTY_BODY = YES;
				CLANG_WARN_ENUM_CONVERSION = YES;
				CLANG_WARN_INFINITE_RECURSION = YES;
				CLANG_WARN_INT_CONVERSION = YES;
				CLANG_WARN_NON_LITERAL_NULL_CONVERSION = YES;
				CLANG_WARN_OBJC_IMPLICIT_RETAIN_SELF = YES;
				CLANG_WARN_OBJC_LITERAL_CONVERSION = YES;
				CLANG_WARN_OBJC_ROOT_CLASS = YES_ERROR;
				CLANG_WARN_QUOTED_INCLUDE_IN_FRAMEWORK_HEADER = YES;
				CLANG_WARN_RANGE_LOOP_ANALYSIS = YES;
				CLANG_WARN_STRICT_PROTOTYPES = YES;
				CLANG_WARN_SUSPICIOUS_MOVE = YES;
				CLANG_WARN_UNGUARDED_AVAILABILITY = YES_AGGRESSIVE;
				CLANG_WARN_UNREACHABLE_CODE = YES;
				CLANG_WARN__DUPLICATE_METHOD_MATCH = YES;
				COPY_PHASE_STRIP = NO;
				DEBUG_INFORMATION_FORMAT = "dwarf-with-dsym";
				ENABLE_NS_ASSERTIONS = NO;
				ENABLE_STRICT_OBJC_MSGSEND = YES;
				GCC_C_LANGUAGE_STANDARD = gnu11;
				GCC_NO_COMMON_BLOCKS = YES;
				GCC_WARN_64_TO_32_BIT_CONVERSION = YES;
				GCC_WARN_ABOUT_RETURN_TYPE = YES_ERROR;
				GCC_WARN_UNDECLARED_SELECTOR = YES;
				GCC_WARN_UNINITIALIZED_AUTOS = YES_AGGRESSIVE;
				GCC_WARN_UNUSED_FUNCTION = YES;
				GCC_WARN_UNUSED_VARIABLE = YES;
				IPHONEOS_DEPLOYMENT_TARGET = 15.2;
				MTL_ENABLE_DEBUG_INFO = NO;
				MTL_FAST_MATH = YES;
				SDKROOT = iphoneos;
				SWIFT_COMPILATION_MODE = wholemodule;
				SWIFT_OPTIMIZATION_LEVEL = "-O";
				VALIDATE_PRODUCT = YES;
			};
			name = Release;
		};
		BE71B78927BA80D700AFBD38 /* Debug */ = {
			isa = XCBuildConfiguration;
			buildSettings = {
				ASSETCATALOG_COMPILER_APPICON_NAME = AppIcon;
				ASSETCATALOG_COMPILER_GLOBAL_ACCENT_COLOR_NAME = AccentColor;
				CODE_SIGN_STYLE = Automatic;
				CURRENT_PROJECT_VERSION = 1;
				DEVELOPMENT_ASSET_PATHS = "\"Photoeditor/Preview Content\"";
				ENABLE_PREVIEWS = YES;
				GENERATE_INFOPLIST_FILE = YES;
				INFOPLIST_KEY_UIApplicationSceneManifest_Generation = YES;
				INFOPLIST_KEY_UIApplicationSupportsIndirectInputEvents = YES;
				INFOPLIST_KEY_UILaunchScreen_Generation = YES;
				INFOPLIST_KEY_UISupportedInterfaceOrientations_iPad = "UIInterfaceOrientationPortrait UIInterfaceOrientationPortraitUpsideDown UIInterfaceOrientationLandscapeLeft UIInterfaceOrientationLandscapeRight";
				INFOPLIST_KEY_UISupportedInterfaceOrientations_iPhone = "UIInterfaceOrientationPortrait UIInterfaceOrientationLandscapeLeft UIInterfaceOrientationLandscapeRight";
				LD_RUNPATH_SEARCH_PATHS = (
					"$(inherited)",
					"@executable_path/Frameworks",
				);
				MARKETING_VERSION = 1.0;
				PRODUCT_BUNDLE_IDENTIFIER = com.shehan.Photoeditor;
				PRODUCT_NAME = "$(TARGET_NAME)";
				SWIFT_EMIT_LOC_STRINGS = YES;
				SWIFT_VERSION = 5.0;
				TARGETED_DEVICE_FAMILY = "1,2";
			};
			name = Debug;
		};
		BE71B78A27BA80D700AFBD38 /* Release */ = {
			isa = XCBuildConfiguration;
			buildSettings = {
				ASSETCATALOG_COMPILER_APPICON_NAME = AppIcon;
				ASSETCATALOG_COMPILER_GLOBAL_ACCENT_COLOR_NAME = AccentColor;
				CODE_SIGN_STYLE = Automatic;
				CURRENT_PROJECT_VERSION = 1;
				DEVELOPMENT_ASSET_PATHS = "\"Photoeditor/Preview Content\"";
				ENABLE_PREVIEWS = YES;
				GENERATE_INFOPLIST_FILE = YES;
				INFOPLIST_KEY_UIApplicationSceneManifest_Generation = YES;
				INFOPLIST_KEY_UIApplicationSupportsIndirectInputEvents = YES;
				INFOPLIST_KEY_UILaunchScreen_Generation = YES;
				INFOPLIST_KEY_UISupportedInterfaceOrientations_iPad = "UIInterfaceOrientationPortrait UIInterfaceOrientationPortraitUpsideDown UIInterfaceOrientationLandscapeLeft UIInterfaceOrientationLandscapeRight";
				INFOPLIST_KEY_UISupportedInterfaceOrientations_iPhone = "UIInterfaceOrientationPortrait UIInterfaceOrientationLandscapeLeft UIInterfaceOrientationLandscapeRight";
				LD_RUNPATH_SEARCH_PATHS = (
					"$(inherited)",
					"@executable_path/Frameworks",
				);
				MARKETING_VERSION = 1.0;
				PRODUCT_BUNDLE_IDENTIFIER = com.shehan.Photoeditor;
				PRODUCT_NAME = "$(TARGET_NAME)";
				SWIFT_EMIT_LOC_STRINGS = YES;
				SWIFT_VERSION = 5.0;
				TARGETED_DEVICE_FAMILY = "1,2";
			};
			name = Release;
		};
/* End XCBuildConfiguration section */

/* Begin XCConfigurationList section */
		BE71B77527BA80D500AFBD38 /* Build configuration list for PBXProject "Photoeditor" */ = {
			isa = XCConfigurationList;
			buildConfigurations = (
				BE71B78627BA80D700AFBD38 /* Debug */,
				BE71B78727BA80D700AFBD38 /* Release */,
			);
			defaultConfigurationIsVisible = 0;
			defaultConfigurationName = Release;
		};
		BE71B78827BA80D700AFBD38 /* Build configuration list for PBXNativeTarget "Photoeditor" */ = {
			isa = XCConfigurationList;
			buildConfigurations = (
				BE71B78927BA80D700AFBD38 /* Debug */,
				BE71B78A27BA80D700AFBD38 /* Release */,
			);
			defaultConfigurationIsVisible = 0;
			defaultConfigurationName = Release;
		};
/* End XCConfigurationList section */
	};
	rootObject = BE71B77227BA80D500AFBD38 /* Project object */;
}
